// !$*UTF8*$!
{
	archiveVersion = 1;
	classes = {
	};
	objectVersion = 55;
	objects = {

/* Begin PBXBuildFile section */
		1AB63332DC2F989173976BF7 /* Pods_Messager.framework in Frameworks */ = {isa = PBXBuildFile; fileRef = 89BBFA082A11CDE4C9AD092A /* Pods_Messager.framework */; };
		DD14A58A274907560057CF3B /* AppDelegate.swift in Sources */ = {isa = PBXBuildFile; fileRef = DD14A589274907560057CF3B /* AppDelegate.swift */; };
		DD14A58C274907560057CF3B /* SceneDelegate.swift in Sources */ = {isa = PBXBuildFile; fileRef = DD14A58B274907560057CF3B /* SceneDelegate.swift */; };
		DD14A58E274907560057CF3B /* LoginViewController.swift in Sources */ = {isa = PBXBuildFile; fileRef = DD14A58D274907560057CF3B /* LoginViewController.swift */; };
		DD14A591274907560057CF3B /* Main.storyboard in Resources */ = {isa = PBXBuildFile; fileRef = DD14A58F274907560057CF3B /* Main.storyboard */; };
		DD14A596274907570057CF3B /* Assets.xcassets in Resources */ = {isa = PBXBuildFile; fileRef = DD14A595274907570057CF3B /* Assets.xcassets */; };
		DD14A599274907570057CF3B /* LaunchScreen.storyboard in Resources */ = {isa = PBXBuildFile; fileRef = DD14A597274907570057CF3B /* LaunchScreen.storyboard */; };
		DD14A5A3274910950057CF3B /* GoogleService-Info.plist in Resources */ = {isa = PBXBuildFile; fileRef = DD14A5A2274910950057CF3B /* GoogleService-Info.plist */; };
		DD14A5A7275380240057CF3B /* Constant.swift in Sources */ = {isa = PBXBuildFile; fileRef = DD14A5A6275380240057CF3B /* Constant.swift */; };
		DD14A5A9275510320057CF3B /* User.swift in Sources */ = {isa = PBXBuildFile; fileRef = DD14A5A8275510320057CF3B /* User.swift */; };
		DD14A5AC275516B30057CF3B /* FCollectionReference.swift in Sources */ = {isa = PBXBuildFile; fileRef = DD14A5AB275516B30057CF3B /* FCollectionReference.swift */; };
		DD14A5B0275519ED0057CF3B /* FirebaseUserListener.swift in Sources */ = {isa = PBXBuildFile; fileRef = DD14A5AF275519ED0057CF3B /* FirebaseUserListener.swift */; };
/* End PBXBuildFile section */

/* Begin PBXFileReference section */
		89BBFA082A11CDE4C9AD092A /* Pods_Messager.framework */ = {isa = PBXFileReference; explicitFileType = wrapper.framework; includeInIndex = 0; path = Pods_Messager.framework; sourceTree = BUILT_PRODUCTS_DIR; };
		DD14A586274907560057CF3B /* Messager.app */ = {isa = PBXFileReference; explicitFileType = wrapper.application; includeInIndex = 0; path = Messager.app; sourceTree = BUILT_PRODUCTS_DIR; };
		DD14A589274907560057CF3B /* AppDelegate.swift */ = {isa = PBXFileReference; lastKnownFileType = sourcecode.swift; path = AppDelegate.swift; sourceTree = "<group>"; };
		DD14A58B274907560057CF3B /* SceneDelegate.swift */ = {isa = PBXFileReference; lastKnownFileType = sourcecode.swift; path = SceneDelegate.swift; sourceTree = "<group>"; };
		DD14A58D274907560057CF3B /* LoginViewController.swift */ = {isa = PBXFileReference; lastKnownFileType = sourcecode.swift; path = LoginViewController.swift; sourceTree = "<group>"; };
		DD14A590274907560057CF3B /* Base */ = {isa = PBXFileReference; lastKnownFileType = file.storyboard; name = Base; path = Base.lproj/Main.storyboard; sourceTree = "<group>"; };
		DD14A595274907570057CF3B /* Assets.xcassets */ = {isa = PBXFileReference; lastKnownFileType = folder.assetcatalog; path = Assets.xcassets; sourceTree = "<group>"; };
		DD14A598274907570057CF3B /* Base */ = {isa = PBXFileReference; lastKnownFileType = file.storyboard; name = Base; path = Base.lproj/LaunchScreen.storyboard; sourceTree = "<group>"; };
		DD14A59A274907570057CF3B /* Info.plist */ = {isa = PBXFileReference; lastKnownFileType = text.plist.xml; path = Info.plist; sourceTree = "<group>"; };
		DD14A5A027490F050057CF3B /* Messager */ = {isa = PBXFileReference; lastKnownFileType = folder; name = Messager; sourceTree = "<group>"; };
		DD14A5A2274910950057CF3B /* GoogleService-Info.plist */ = {isa = PBXFileReference; fileEncoding = 4; lastKnownFileType = text.plist.xml; name = "GoogleService-Info.plist"; path = "../../GoogleService-Info.plist"; sourceTree = "<group>"; };
		DD14A5A6275380240057CF3B /* Constant.swift */ = {isa = PBXFileReference; lastKnownFileType = sourcecode.swift; path = Constant.swift; sourceTree = "<group>"; };
		DD14A5A8275510320057CF3B /* User.swift */ = {isa = PBXFileReference; lastKnownFileType = sourcecode.swift; path = User.swift; sourceTree = "<group>"; };
		DD14A5AB275516B30057CF3B /* FCollectionReference.swift */ = {isa = PBXFileReference; lastKnownFileType = sourcecode.swift; path = FCollectionReference.swift; sourceTree = "<group>"; };
		DD14A5AF275519ED0057CF3B /* FirebaseUserListener.swift */ = {isa = PBXFileReference; lastKnownFileType = sourcecode.swift; path = FirebaseUserListener.swift; sourceTree = "<group>"; };
		F2C8AF80FC31E49722D0BDFB /* Pods-Messager.debug.xcconfig */ = {isa = PBXFileReference; includeInIndex = 1; lastKnownFileType = text.xcconfig; name = "Pods-Messager.debug.xcconfig"; path = "Target Support Files/Pods-Messager/Pods-Messager.debug.xcconfig"; sourceTree = "<group>"; };
		FF49173A80F198B38D052C7D /* Pods-Messager.release.xcconfig */ = {isa = PBXFileReference; includeInIndex = 1; lastKnownFileType = text.xcconfig; name = "Pods-Messager.release.xcconfig"; path = "Target Support Files/Pods-Messager/Pods-Messager.release.xcconfig"; sourceTree = "<group>"; };
/* End PBXFileReference section */

/* Begin PBXFrameworksBuildPhase section */
		DD14A583274907560057CF3B /* Frameworks */ = {
			isa = PBXFrameworksBuildPhase;
			buildActionMask = 2147483647;
			files = (
				1AB63332DC2F989173976BF7 /* Pods_Messager.framework in Frameworks */,
			);
			runOnlyForDeploymentPostprocessing = 0;
		};
/* End PBXFrameworksBuildPhase section */

/* Begin PBXGroup section */
		8700F954FB11FD93BA15856B /* Pods */ = {
			isa = PBXGroup;
			children = (
				F2C8AF80FC31E49722D0BDFB /* Pods-Messager.debug.xcconfig */,
				FF49173A80F198B38D052C7D /* Pods-Messager.release.xcconfig */,
			);
			path = Pods;
			sourceTree = "<group>";
		};
		DD14A57D274907560057CF3B = {
			isa = PBXGroup;
			children = (
				DD14A588274907560057CF3B /* Messager */,
				DD14A587274907560057CF3B /* Products */,
				8700F954FB11FD93BA15856B /* Pods */,
				EA54A6AB833A8223E8328FD3 /* Frameworks */,
			);
			sourceTree = "<group>";
		};
		DD14A587274907560057CF3B /* Products */ = {
			isa = PBXGroup;
			children = (
				DD14A586274907560057CF3B /* Messager.app */,
			);
			name = Products;
			sourceTree = "<group>";
		};
		DD14A588274907560057CF3B /* Messager */ = {
			isa = PBXGroup;
			children = (
				DD14A5AE275518470057CF3B /* Utilities */,
				DD14A589274907560057CF3B /* AppDelegate.swift */,
				DD14A5A2274910950057CF3B /* GoogleService-Info.plist */,
				DD14A58B274907560057CF3B /* SceneDelegate.swift */,
				DD14A58D274907560057CF3B /* LoginViewController.swift */,
				DD14A58F274907560057CF3B /* Main.storyboard */,
				DD14A595274907570057CF3B /* Assets.xcassets */,
				DD14A597274907570057CF3B /* LaunchScreen.storyboard */,
				DD14A59A274907570057CF3B /* Info.plist */,
				DD14A5AA275510530057CF3B /* Model */,
				DD14A5AD275518090057CF3B /* FirebaseHelpers */,
				DD14A5A027490F050057CF3B /* Messager */,
			);
			path = Messager;
			sourceTree = "<group>";
		};
		DD14A5AA275510530057CF3B /* Model */ = {
			isa = PBXGroup;
			children = (
				DD14A5A8275510320057CF3B /* User.swift */,
			);
			path = Model;
			sourceTree = "<group>";
		};
		DD14A5AD275518090057CF3B /* FirebaseHelpers */ = {
			isa = PBXGroup;
			children = (
				DD14A5AB275516B30057CF3B /* FCollectionReference.swift */,
				DD14A5AF275519ED0057CF3B /* FirebaseUserListener.swift */,
			);
			path = FirebaseHelpers;
			sourceTree = "<group>";
		};
		DD14A5AE275518470057CF3B /* Utilities */ = {
			isa = PBXGroup;
			children = (
				DD14A5A6275380240057CF3B /* Constant.swift */,
			);
			path = Utilities;
			sourceTree = "<group>";
		};
		EA54A6AB833A8223E8328FD3 /* Frameworks */ = {
			isa = PBXGroup;
			children = (
				89BBFA082A11CDE4C9AD092A /* Pods_Messager.framework */,
			);
			name = Frameworks;
			sourceTree = "<group>";
		};
/* End PBXGroup section */

/* Begin PBXNativeTarget section */
		DD14A585274907560057CF3B /* Messager */ = {
			isa = PBXNativeTarget;
			buildConfigurationList = DD14A59D274907570057CF3B /* Build configuration list for PBXNativeTarget "Messager" */;
			buildPhases = (
				5C9693A61EE4E7F86622DE02 /* [CP] Check Pods Manifest.lock */,
				DD14A582274907560057CF3B /* Sources */,
				DD14A583274907560057CF3B /* Frameworks */,
				DD14A584274907560057CF3B /* Resources */,
				FE82718A0EF5F4691523F0C6 /* [CP] Embed Pods Frameworks */,
			);
			buildRules = (
			);
			dependencies = (
			);
			name = Messager;
			productName = Messager;
			productReference = DD14A586274907560057CF3B /* Messager.app */;
			productType = "com.apple.product-type.application";
		};
/* End PBXNativeTarget section */

/* Begin PBXProject section */
		DD14A57E274907560057CF3B /* Project object */ = {
			isa = PBXProject;
			attributes = {
				BuildIndependentTargetsInParallel = 1;
				LastSwiftUpdateCheck = 1310;
				LastUpgradeCheck = 1310;
				TargetAttributes = {
					DD14A585274907560057CF3B = {
						CreatedOnToolsVersion = 13.1;
					};
				};
			};
			buildConfigurationList = DD14A581274907560057CF3B /* Build configuration list for PBXProject "Messager" */;
			compatibilityVersion = "Xcode 13.0";
			developmentRegion = en;
			hasScannedForEncodings = 0;
			knownRegions = (
				en,
				Base,
			);
			mainGroup = DD14A57D274907560057CF3B;
			productRefGroup = DD14A587274907560057CF3B /* Products */;
			projectDirPath = "";
			projectRoot = "";
			targets = (
				DD14A585274907560057CF3B /* Messager */,
			);
		};
/* End PBXProject section */

/* Begin PBXResourcesBuildPhase section */
		DD14A584274907560057CF3B /* Resources */ = {
			isa = PBXResourcesBuildPhase;
			buildActionMask = 2147483647;
			files = (
				DD14A599274907570057CF3B /* LaunchScreen.storyboard in Resources */,
				DD14A5A3274910950057CF3B /* GoogleService-Info.plist in Resources */,
				DD14A596274907570057CF3B /* Assets.xcassets in Resources */,
				DD14A591274907560057CF3B /* Main.storyboard in Resources */,
			);
			runOnlyForDeploymentPostprocessing = 0;
		};
/* End PBXResourcesBuildPhase section */

/* Begin PBXShellScriptBuildPhase section */
		5C9693A61EE4E7F86622DE02 /* [CP] Check Pods Manifest.lock */ = {
			isa = PBXShellScriptBuildPhase;
			buildActionMask = 2147483647;
			files = (
			);
			inputFileListPaths = (
			);
			inputPaths = (
				"${PODS_PODFILE_DIR_PATH}/Podfile.lock",
				"${PODS_ROOT}/Manifest.lock",
			);
			name = "[CP] Check Pods Manifest.lock";
			outputFileListPaths = (
			);
			outputPaths = (
				"$(DERIVED_FILE_DIR)/Pods-Messager-checkManifestLockResult.txt",
			);
			runOnlyForDeploymentPostprocessing = 0;
			shellPath = /bin/sh;
			shellScript = "diff \"${PODS_PODFILE_DIR_PATH}/Podfile.lock\" \"${PODS_ROOT}/Manifest.lock\" > /dev/null\nif [ $? != 0 ] ; then\n    # print error to STDERR\n    echo \"error: The sandbox is not in sync with the Podfile.lock. Run 'pod install' or update your CocoaPods installation.\" >&2\n    exit 1\nfi\n# This output is used by Xcode 'outputs' to avoid re-running this script phase.\necho \"SUCCESS\" > \"${SCRIPT_OUTPUT_FILE_0}\"\n";
			showEnvVarsInLog = 0;
		};
		FE82718A0EF5F4691523F0C6 /* [CP] Embed Pods Frameworks */ = {
			isa = PBXShellScriptBuildPhase;
			buildActionMask = 2147483647;
			files = (
			);
			inputFileListPaths = (
				"${PODS_ROOT}/Target Support Files/Pods-Messager/Pods-Messager-frameworks-${CONFIGURATION}-input-files.xcfilelist",
			);
			name = "[CP] Embed Pods Frameworks";
			outputFileListPaths = (
				"${PODS_ROOT}/Target Support Files/Pods-Messager/Pods-Messager-frameworks-${CONFIGURATION}-output-files.xcfilelist",
			);
			runOnlyForDeploymentPostprocessing = 0;
			shellPath = /bin/sh;
			shellScript = "\"${PODS_ROOT}/Target Support Files/Pods-Messager/Pods-Messager-frameworks.sh\"\n";
			showEnvVarsInLog = 0;
		};
/* End PBXShellScriptBuildPhase section */

/* Begin PBXSourcesBuildPhase section */
		DD14A582274907560057CF3B /* Sources */ = {
			isa = PBXSourcesBuildPhase;
			buildActionMask = 2147483647;
			files = (
				DD14A58E274907560057CF3B /* LoginViewController.swift in Sources */,
				DD14A58A274907560057CF3B /* AppDelegate.swift in Sources */,
				DD14A58C274907560057CF3B /* SceneDelegate.swift in Sources */,
				DD14A5A9275510320057CF3B /* User.swift in Sources */,
				DD14A5A7275380240057CF3B /* Constant.swift in Sources */,
				DD14A5B0275519ED0057CF3B /* FirebaseUserListener.swift in Sources */,
				DD14A5AC275516B30057CF3B /* FCollectionReference.swift in Sources */,
			);
			runOnlyForDeploymentPostprocessing = 0;
		};
/* End PBXSourcesBuildPhase section */

/* Begin PBXVariantGroup section */
		DD14A58F274907560057CF3B /* Main.storyboard */ = {
			isa = PBXVariantGroup;
			children = (
				DD14A590274907560057CF3B /* Base */,
			);
			name = Main.storyboard;
			sourceTree = "<group>";
		};
		DD14A597274907570057CF3B /* LaunchScreen.storyboard */ = {
			isa = PBXVariantGroup;
			children = (
				DD14A598274907570057CF3B /* Base */,
			);
			name = LaunchScreen.storyboard;
			sourceTree = "<group>";
		};
/* End PBXVariantGroup section */

/* Begin XCBuildConfiguration section */
		DD14A59B274907570057CF3B /* Debug */ = {
			isa = XCBuildConfiguration;
			buildSettings = {
				ALWAYS_SEARCH_USER_PATHS = NO;
				CLANG_ANALYZER_NONNULL = YES;
				CLANG_ANALYZER_NUMBER_OBJECT_CONVERSION = YES_AGGRESSIVE;
				CLANG_CXX_LANGUAGE_STANDARD = "gnu++17";
				CLANG_CXX_LIBRARY = "libc++";
				CLANG_ENABLE_MODULES = YES;
				CLANG_ENABLE_OBJC_ARC = YES;
				CLANG_ENABLE_OBJC_WEAK = YES;
				CLANG_WARN_BLOCK_CAPTURE_AUTORELEASING = YES;
				CLANG_WARN_BOOL_CONVERSION = YES;
				CLANG_WARN_COMMA = YES;
				CLANG_WARN_CONSTANT_CONVERSION = YES;
				CLANG_WARN_DEPRECATED_OBJC_IMPLEMENTATIONS = YES;
				CLANG_WARN_DIRECT_OBJC_ISA_USAGE = YES_ERROR;
				CLANG_WARN_DOCUMENTATION_COMMENTS = YES;
				CLANG_WARN_EMPTY_BODY = YES;
				CLANG_WARN_ENUM_CONVERSION = YES;
				CLANG_WARN_INFINITE_RECURSION = YES;
				CLANG_WARN_INT_CONVERSION = YES;
				CLANG_WARN_NON_LITERAL_NULL_CONVERSION = YES;
				CLANG_WARN_OBJC_IMPLICIT_RETAIN_SELF = YES;
				CLANG_WARN_OBJC_LITERAL_CONVERSION = YES;
				CLANG_WARN_OBJC_ROOT_CLASS = YES_ERROR;
				CLANG_WARN_QUOTED_INCLUDE_IN_FRAMEWORK_HEADER = YES;
				CLANG_WARN_RANGE_LOOP_ANALYSIS = YES;
				CLANG_WARN_STRICT_PROTOTYPES = YES;
				CLANG_WARN_SUSPICIOUS_MOVE = YES;
				CLANG_WARN_UNGUARDED_AVAILABILITY = YES_AGGRESSIVE;
				CLANG_WARN_UNREACHABLE_CODE = YES;
				CLANG_WARN__DUPLICATE_METHOD_MATCH = YES;
				COPY_PHASE_STRIP = NO;
				DEBUG_INFORMATION_FORMAT = dwarf;
				ENABLE_STRICT_OBJC_MSGSEND = YES;
				ENABLE_TESTABILITY = YES;
				GCC_C_LANGUAGE_STANDARD = gnu11;
				GCC_DYNAMIC_NO_PIC = NO;
				GCC_NO_COMMON_BLOCKS = YES;
				GCC_OPTIMIZATION_LEVEL = 0;
				GCC_PREPROCESSOR_DEFINITIONS = (
					"DEBUG=1",
					"$(inherited)",
				);
				GCC_WARN_64_TO_32_BIT_CONVERSION = YES;
				GCC_WARN_ABOUT_RETURN_TYPE = YES_ERROR;
				GCC_WARN_UNDECLARED_SELECTOR = YES;
				GCC_WARN_UNINITIALIZED_AUTOS = YES_AGGRESSIVE;
				GCC_WARN_UNUSED_FUNCTION = YES;
				GCC_WARN_UNUSED_VARIABLE = YES;
				IPHONEOS_DEPLOYMENT_TARGET = 15.0;
				MTL_ENABLE_DEBUG_INFO = INCLUDE_SOURCE;
				MTL_FAST_MATH = YES;
				ONLY_ACTIVE_ARCH = YES;
				SDKROOT = iphoneos;
				SWIFT_ACTIVE_COMPILATION_CONDITIONS = DEBUG;
				SWIFT_OPTIMIZATION_LEVEL = "-Onone";
			};
			name = Debug;
		};
		DD14A59C274907570057CF3B /* Release */ = {
			isa = XCBuildConfiguration;
			buildSettings = {
				ALWAYS_SEARCH_USER_PATHS = NO;
				CLANG_ANALYZER_NONNULL = YES;
				CLANG_ANALYZER_NUMBER_OBJECT_CONVERSION = YES_AGGRESSIVE;
				CLANG_CXX_LANGUAGE_STANDARD = "gnu++17";
				CLANG_CXX_LIBRARY = "libc++";
				CLANG_ENABLE_MODULES = YES;
				CLANG_ENABLE_OBJC_ARC = YES;
				CLANG_ENABLE_OBJC_WEAK = YES;
				CLANG_WARN_BLOCK_CAPTURE_AUTORELEASING = YES;
				CLANG_WARN_BOOL_CONVERSION = YES;
				CLANG_WARN_COMMA = YES;
				CLANG_WARN_CONSTANT_CONVERSION = YES;
				CLANG_WARN_DEPRECATED_OBJC_IMPLEMENTATIONS = YES;
				CLANG_WARN_DIRECT_OBJC_ISA_USAGE = YES_ERROR;
				CLANG_WARN_DOCUMENTATION_COMMENTS = YES;
				CLANG_WARN_EMPTY_BODY = YES;
				CLANG_WARN_ENUM_CONVERSION = YES;
				CLANG_WARN_INFINITE_RECURSION = YES;
				CLANG_WARN_INT_CONVERSION = YES;
				CLANG_WARN_NON_LITERAL_NULL_CONVERSION = YES;
				CLANG_WARN_OBJC_IMPLICIT_RETAIN_SELF = YES;
				CLANG_WARN_OBJC_LITERAL_CONVERSION = YES;
				CLANG_WARN_OBJC_ROOT_CLASS = YES_ERROR;
				CLANG_WARN_QUOTED_INCLUDE_IN_FRAMEWORK_HEADER = YES;
				CLANG_WARN_RANGE_LOOP_ANALYSIS = YES;
				CLANG_WARN_STRICT_PROTOTYPES = YES;
				CLANG_WARN_SUSPICIOUS_MOVE = YES;
				CLANG_WARN_UNGUARDED_AVAILABILITY = YES_AGGRESSIVE;
				CLANG_WARN_UNREACHABLE_CODE = YES;
				CLANG_WARN__DUPLICATE_METHOD_MATCH = YES;
				COPY_PHASE_STRIP = NO;
				DEBUG_INFORMATION_FORMAT = "dwarf-with-dsym";
				ENABLE_NS_ASSERTIONS = NO;
				ENABLE_STRICT_OBJC_MSGSEND = YES;
				GCC_C_LANGUAGE_STANDARD = gnu11;
				GCC_NO_COMMON_BLOCKS = YES;
				GCC_WARN_64_TO_32_BIT_CONVERSION = YES;
				GCC_WARN_ABOUT_RETURN_TYPE = YES_ERROR;
				GCC_WARN_UNDECLARED_SELECTOR = YES;
				GCC_WARN_UNINITIALIZED_AUTOS = YES_AGGRESSIVE;
				GCC_WARN_UNUSED_FUNCTION = YES;
				GCC_WARN_UNUSED_VARIABLE = YES;
				IPHONEOS_DEPLOYMENT_TARGET = 15.0;
				MTL_ENABLE_DEBUG_INFO = NO;
				MTL_FAST_MATH = YES;
				SDKROOT = iphoneos;
				SWIFT_COMPILATION_MODE = wholemodule;
				SWIFT_OPTIMIZATION_LEVEL = "-O";
				VALIDATE_PRODUCT = YES;
			};
			name = Release;
		};
		DD14A59E274907570057CF3B /* Debug */ = {
			isa = XCBuildConfiguration;
			baseConfigurationReference = F2C8AF80FC31E49722D0BDFB /* Pods-Messager.debug.xcconfig */;
			buildSettings = {
				ASSETCATALOG_COMPILER_APPICON_NAME = AppIcon;
				ASSETCATALOG_COMPILER_GLOBAL_ACCENT_COLOR_NAME = AccentColor;
				CODE_SIGN_STYLE = Automatic;
				CURRENT_PROJECT_VERSION = 1;
				"EXCLUDED_ARCHS[sdk=iphonesimulator*]" = arm64;
				GENERATE_INFOPLIST_FILE = YES;
				INFOPLIST_FILE = Messager/Info.plist;
				INFOPLIST_KEY_UIApplicationSupportsIndirectInputEvents = YES;
				INFOPLIST_KEY_UILaunchStoryboardName = LaunchScreen;
				INFOPLIST_KEY_UIMainStoryboardFile = Main;
				INFOPLIST_KEY_UISupportedInterfaceOrientations_iPad = "UIInterfaceOrientationPortrait UIInterfaceOrientationPortraitUpsideDown UIInterfaceOrientationLandscapeLeft UIInterfaceOrientationLandscapeRight";
				INFOPLIST_KEY_UISupportedInterfaceOrientations_iPhone = "UIInterfaceOrientationPortrait UIInterfaceOrientationLandscapeLeft UIInterfaceOrientationLandscapeRight";
				LD_RUNPATH_SEARCH_PATHS = (
					"$(inherited)",
					"@executable_path/Frameworks",
				);
				MARKETING_VERSION = 1.0;
				PRODUCT_BUNDLE_IDENTIFIER = com.hainlt.Messager;
				PRODUCT_NAME = "$(TARGET_NAME)";
				SWIFT_EMIT_LOC_STRINGS = YES;
				SWIFT_VERSION = 5.0;
				TARGETED_DEVICE_FAMILY = "1,2";
			};
			name = Debug;
		};
		DD14A59F274907570057CF3B /* Release */ = {
			isa = XCBuildConfiguration;
			baseConfigurationReference = FF49173A80F198B38D052C7D /* Pods-Messager.release.xcconfig */;
			buildSettings = {
				ASSETCATALOG_COMPILER_APPICON_NAME = AppIcon;
				ASSETCATALOG_COMPILER_GLOBAL_ACCENT_COLOR_NAME = AccentColor;
				CODE_SIGN_STYLE = Automatic;
				CURRENT_PROJECT_VERSION = 1;
				GENERATE_INFOPLIST_FILE = YES;
				INFOPLIST_FILE = Messager/Info.plist;
				INFOPLIST_KEY_UIApplicationSupportsIndirectInputEvents = YES;
				INFOPLIST_KEY_UILaunchStoryboardName = LaunchScreen;
				INFOPLIST_KEY_UIMainStoryboardFile = Main;
				INFOPLIST_KEY_UISupportedInterfaceOrientations_iPad = "UIInterfaceOrientationPortrait UIInterfaceOrientationPortraitUpsideDown UIInterfaceOrientationLandscapeLeft UIInterfaceOrientationLandscapeRight";
				INFOPLIST_KEY_UISupportedInterfaceOrientations_iPhone = "UIInterfaceOrientationPortrait UIInterfaceOrientationLandscapeLeft UIInterfaceOrientationLandscapeRight";
				LD_RUNPATH_SEARCH_PATHS = (
					"$(inherited)",
					"@executable_path/Frameworks",
				);
				MARKETING_VERSION = 1.0;
				PRODUCT_BUNDLE_IDENTIFIER = com.hainlt.Messager;
				PRODUCT_NAME = "$(TARGET_NAME)";
				SWIFT_EMIT_LOC_STRINGS = YES;
				SWIFT_VERSION = 5.0;
				TARGETED_DEVICE_FAMILY = "1,2";
			};
			name = Release;
		};
/* End XCBuildConfiguration section */

/* Begin XCConfigurationList section */
		DD14A581274907560057CF3B /* Build configuration list for PBXProject "Messager" */ = {
			isa = XCConfigurationList;
			buildConfigurations = (
				DD14A59B274907570057CF3B /* Debug */,
				DD14A59C274907570057CF3B /* Release */,
			);
			defaultConfigurationIsVisible = 0;
			defaultConfigurationName = Release;
		};
		DD14A59D274907570057CF3B /* Build configuration list for PBXNativeTarget "Messager" */ = {
			isa = XCConfigurationList;
			buildConfigurations = (
				DD14A59E274907570057CF3B /* Debug */,
				DD14A59F274907570057CF3B /* Release */,
			);
			defaultConfigurationIsVisible = 0;
			defaultConfigurationName = Release;
		};
/* End XCConfigurationList section */
	};
	rootObject = DD14A57E274907560057CF3B /* Project object */;
}
